{
    "name": "@chrillaz/prettier-config",
    "version": "1.0.0",
    "lockfileVersion": 1,
    "requires": true,
    "dependencies": {
        "@augment-vir/common": {
            "version": "6.4.0",
            "resolved": "https://registry.npmjs.org/@augment-vir/common/-/common-6.4.0.tgz",
            "integrity": "sha512-UA66AC3eFv5B43MvO0iz9BheW/rjzZNK+g1eodiIl9W5tfBuQ7J/XsGRh08GJu3iDUyRu8aae/iqLHorrweacg==",
            "requires": {
                "type-fest": "^3.5.0"
            }
        },
        "prettier-plugin-multiline-arrays": {
            "version": "1.1.2",
            "resolved": "https://registry.npmjs.org/prettier-plugin-multiline-arrays/-/prettier-plugin-multiline-arrays-1.1.2.tgz",
            "integrity": "sha512-5gp7cMvwdUJB10dPU5DuYkWmqNluvtxft68Nc2D3+Q7+B2VB1eHx4UnfiILU/8heZCIH2RMvfHefg4N599LrLg==",
            "requires": {
                "@augment-vir/common": "^6.1.5"
            }
        },
        "type-fest": {
            "version": "3.5.1",
            "resolved": "https://registry.npmjs.org/type-fest/-/type-fest-3.5.1.tgz",
            "integrity": "sha512-70T99cpILFk2fzwuljwWxmazSphFrdOe3gRHbp6bqs71pxFBbJwFqnmkLO2lQL6aLHxHmYAnP/sL+AJWpT70jA=="
        }
    }
}
